
Microsoft Visual Studio Solution File, Format Version 12.00
# Visual Studio Version 17
VisualStudioVersion = 17.4.33205.214
MinimumVisualStudioVersion = 10.0.40219.1
Project("{9A19103F-16F7-4668-BE54-9A1E7A4F7556}") = "CarDealer", "CarDealer\CarDealer.csproj", "{CF802316-8076-4136-9DD7-106F090420E4}"
EndProject
Project("{FAE04EC0-301F-11D3-BF4B-00C04F79EFBC}") = "CarDealer.Tests", "CarDealer.Tests\CarDealer.Tests.csproj", "{F8513058-8147-473C-9107-5765C9D6BE1E}"
EndProject
Global
	GlobalSection(SolutionConfigurationPlatforms) = preSolution
		Debug|Any CPU = Debug|Any CPU
		Release|Any CPU = Release|Any CPU
	EndGlobalSection
	GlobalSection(ProjectConfigurationPlatforms) = postSolution
		{CF802316-8076-4136-9DD7-106F090420E4}.Debug|Any CPU.ActiveCfg = Debug|Any CPU
		{CF802316-8076-4136-9DD7-106F090420E4}.Debug|Any CPU.Build.0 = Debug|Any CPU
		{CF802316-8076-4136-9DD7-106F090420E4}.Release|Any CPU.ActiveCfg = Release|Any CPU
		{CF802316-8076-4136-9DD7-106F090420E4}.Release|Any CPU.Build.0 = Release|Any CPU
		{F8513058-8147-473C-9107-5765C9D6BE1E}.Debug|Any CPU.ActiveCfg = Debug|Any CPU
		{F8513058-8147-473C-9107-5765C9D6BE1E}.Debug|Any CPU.Build.0 = Debug|Any CPU
		{F8513058-8147-473C-9107-5765C9D6BE1E}.Release|Any CPU.ActiveCfg = Release|Any CPU
		{F8513058-8147-473C-9107-5765C9D6BE1E}.Release|Any CPU.Build.0 = Release|Any CPU
	EndGlobalSection
	GlobalSection(SolutionProperties) = preSolution
		HideSolutionNode = FALSE
	EndGlobalSection
	GlobalSection(ExtensibilityGlobals) = postSolution
		SolutionGuid = {3B429684-A549-41D4-B449-E8135453803C}
	EndGlobalSection
EndGlobal
