
Microsoft Visual Studio Solution File, Format Version 12.00
# Visual Studio Version 17
VisualStudioVersion = 17.4.33205.214
MinimumVisualStudioVersion = 10.0.40219.1
Project("{9A19103F-16F7-4668-BE54-9A1E7A4F7556}") = "PetStore.Web", "PetStore.Web\PetStore.Web.csproj", "{07E93452-70BD-420E-9449-FF98A69BB6B5}"
EndProject
Project("{2150E333-8FDC-42A3-9474-1A3956D46DE8}") = "Web", "Web", "{1AA869BF-B19C-4886-8B84-2AFC335D3477}"
EndProject
Project("{9A19103F-16F7-4668-BE54-9A1E7A4F7556}") = "PetStore.Data", "PetStore.Data\PetStore.Data.csproj", "{5720261D-7D19-48D8-A75C-8686B86660E3}"
EndProject
Project("{2150E333-8FDC-42A3-9474-1A3956D46DE8}") = "Data", "Data", "{1A39D701-C238-4905-8673-ADE94C2F6521}"
EndProject
Project("{9A19103F-16F7-4668-BE54-9A1E7A4F7556}") = "PetStore.Data.Common", "PetStore.Data.Common\PetStore.Data.Common.csproj", "{DD18E0EF-2823-4B11-876C-89F83711EF5E}"
EndProject
Project("{9A19103F-16F7-4668-BE54-9A1E7A4F7556}") = "PetStore.Common", "PetStore.Common\PetStore.Common.csproj", "{76FE543E-809E-42A0-B536-E4A73A019EEE}"
EndProject
Project("{9A19103F-16F7-4668-BE54-9A1E7A4F7556}") = "PetStore.Data.Models", "PetStore.Data.Models\PetStore.Data.Models.csproj", "{803255EB-8DF7-4267-B57F-4537263CA62D}"
EndProject
Project("{9A19103F-16F7-4668-BE54-9A1E7A4F7556}") = "PetStore.Data.Models.Common", "PetStore.Data.Models.Common\PetStore.Data.Models.Common.csproj", "{9C5A89F7-392D-401D-A8A2-BD7962BA1924}"
EndProject
Project("{2150E333-8FDC-42A3-9474-1A3956D46DE8}") = "Services", "Services", "{C71A0842-7247-441C-887F-A69C3CDCE0F8}"
EndProject
Project("{9A19103F-16F7-4668-BE54-9A1E7A4F7556}") = "PetStore.Services", "PetStore.Services\PetStore.Services.csproj", "{B693177B-29D0-4841-8826-AD4EA3DFE797}"
EndProject
Project("{9A19103F-16F7-4668-BE54-9A1E7A4F7556}") = "PetStore.Services.Data", "PetStore.Services.Data\PetStore.Services.Data.csproj", "{A1659F36-6B4B-47C3-A22B-2AD30BD34596}"
EndProject
Project("{9A19103F-16F7-4668-BE54-9A1E7A4F7556}") = "PetStore.Services.Messaging", "PetStore.Services.Messaging\PetStore.Services.Messaging.csproj", "{1862F3A8-1424-4D14-A2FE-D9E354201228}"
EndProject
Project("{9A19103F-16F7-4668-BE54-9A1E7A4F7556}") = "PetStore.Web.Infrastructure", "PetStore.Web.Infrastructure\PetStore.Web.Infrastructure.csproj", "{EF594BCD-C99D-4A49-8EC7-86BEB76C0ECC}"
EndProject
Project("{9A19103F-16F7-4668-BE54-9A1E7A4F7556}") = "PetStore.Web.ViewModels", "PetStore.Web.ViewModels\PetStore.Web.ViewModels.csproj", "{7FFD3A09-EAD0-49FB-A870-01AF9526C6E5}"
EndProject
Project("{9A19103F-16F7-4668-BE54-9A1E7A4F7556}") = "PetStore.Services.Mapping", "PetStore.Services.Mapping\PetStore.Services.Mapping.csproj", "{5A118619-A222-481C-BAD2-90C254B4131E}"
EndProject
Global
	GlobalSection(SolutionConfigurationPlatforms) = preSolution
		Debug|Any CPU = Debug|Any CPU
		Release|Any CPU = Release|Any CPU
	EndGlobalSection
	GlobalSection(ProjectConfigurationPlatforms) = postSolution
		{07E93452-70BD-420E-9449-FF98A69BB6B5}.Debug|Any CPU.ActiveCfg = Debug|Any CPU
		{07E93452-70BD-420E-9449-FF98A69BB6B5}.Debug|Any CPU.Build.0 = Debug|Any CPU
		{07E93452-70BD-420E-9449-FF98A69BB6B5}.Release|Any CPU.ActiveCfg = Release|Any CPU
		{07E93452-70BD-420E-9449-FF98A69BB6B5}.Release|Any CPU.Build.0 = Release|Any CPU
		{5720261D-7D19-48D8-A75C-8686B86660E3}.Debug|Any CPU.ActiveCfg = Debug|Any CPU
		{5720261D-7D19-48D8-A75C-8686B86660E3}.Debug|Any CPU.Build.0 = Debug|Any CPU
		{5720261D-7D19-48D8-A75C-8686B86660E3}.Release|Any CPU.ActiveCfg = Release|Any CPU
		{5720261D-7D19-48D8-A75C-8686B86660E3}.Release|Any CPU.Build.0 = Release|Any CPU
		{DD18E0EF-2823-4B11-876C-89F83711EF5E}.Debug|Any CPU.ActiveCfg = Debug|Any CPU
		{DD18E0EF-2823-4B11-876C-89F83711EF5E}.Debug|Any CPU.Build.0 = Debug|Any CPU
		{DD18E0EF-2823-4B11-876C-89F83711EF5E}.Release|Any CPU.ActiveCfg = Release|Any CPU
		{DD18E0EF-2823-4B11-876C-89F83711EF5E}.Release|Any CPU.Build.0 = Release|Any CPU
		{76FE543E-809E-42A0-B536-E4A73A019EEE}.Debug|Any CPU.ActiveCfg = Debug|Any CPU
		{76FE543E-809E-42A0-B536-E4A73A019EEE}.Debug|Any CPU.Build.0 = Debug|Any CPU
		{76FE543E-809E-42A0-B536-E4A73A019EEE}.Release|Any CPU.ActiveCfg = Release|Any CPU
		{76FE543E-809E-42A0-B536-E4A73A019EEE}.Release|Any CPU.Build.0 = Release|Any CPU
		{803255EB-8DF7-4267-B57F-4537263CA62D}.Debug|Any CPU.ActiveCfg = Debug|Any CPU
		{803255EB-8DF7-4267-B57F-4537263CA62D}.Debug|Any CPU.Build.0 = Debug|Any CPU
		{803255EB-8DF7-4267-B57F-4537263CA62D}.Release|Any CPU.ActiveCfg = Release|Any CPU
		{803255EB-8DF7-4267-B57F-4537263CA62D}.Release|Any CPU.Build.0 = Release|Any CPU
		{9C5A89F7-392D-401D-A8A2-BD7962BA1924}.Debug|Any CPU.ActiveCfg = Debug|Any CPU
		{9C5A89F7-392D-401D-A8A2-BD7962BA1924}.Debug|Any CPU.Build.0 = Debug|Any CPU
		{9C5A89F7-392D-401D-A8A2-BD7962BA1924}.Release|Any CPU.ActiveCfg = Release|Any CPU
		{9C5A89F7-392D-401D-A8A2-BD7962BA1924}.Release|Any CPU.Build.0 = Release|Any CPU
		{B693177B-29D0-4841-8826-AD4EA3DFE797}.Debug|Any CPU.ActiveCfg = Debug|Any CPU
		{B693177B-29D0-4841-8826-AD4EA3DFE797}.Debug|Any CPU.Build.0 = Debug|Any CPU
		{B693177B-29D0-4841-8826-AD4EA3DFE797}.Release|Any CPU.ActiveCfg = Release|Any CPU
		{B693177B-29D0-4841-8826-AD4EA3DFE797}.Release|Any CPU.Build.0 = Release|Any CPU
		{A1659F36-6B4B-47C3-A22B-2AD30BD34596}.Debug|Any CPU.ActiveCfg = Debug|Any CPU
		{A1659F36-6B4B-47C3-A22B-2AD30BD34596}.Debug|Any CPU.Build.0 = Debug|Any CPU
		{A1659F36-6B4B-47C3-A22B-2AD30BD34596}.Release|Any CPU.ActiveCfg = Release|Any CPU
		{A1659F36-6B4B-47C3-A22B-2AD30BD34596}.Release|Any CPU.Build.0 = Release|Any CPU
		{1862F3A8-1424-4D14-A2FE-D9E354201228}.Debug|Any CPU.ActiveCfg = Debug|Any CPU
		{1862F3A8-1424-4D14-A2FE-D9E354201228}.Debug|Any CPU.Build.0 = Debug|Any CPU
		{1862F3A8-1424-4D14-A2FE-D9E354201228}.Release|Any CPU.ActiveCfg = Release|Any CPU
		{1862F3A8-1424-4D14-A2FE-D9E354201228}.Release|Any CPU.Build.0 = Release|Any CPU
		{EF594BCD-C99D-4A49-8EC7-86BEB76C0ECC}.Debug|Any CPU.ActiveCfg = Debug|Any CPU
		{EF594BCD-C99D-4A49-8EC7-86BEB76C0ECC}.Debug|Any CPU.Build.0 = Debug|Any CPU
		{EF594BCD-C99D-4A49-8EC7-86BEB76C0ECC}.Release|Any CPU.ActiveCfg = Release|Any CPU
		{EF594BCD-C99D-4A49-8EC7-86BEB76C0ECC}.Release|Any CPU.Build.0 = Release|Any CPU
		{7FFD3A09-EAD0-49FB-A870-01AF9526C6E5}.Debug|Any CPU.ActiveCfg = Debug|Any CPU
		{7FFD3A09-EAD0-49FB-A870-01AF9526C6E5}.Debug|Any CPU.Build.0 = Debug|Any CPU
		{7FFD3A09-EAD0-49FB-A870-01AF9526C6E5}.Release|Any CPU.ActiveCfg = Release|Any CPU
		{7FFD3A09-EAD0-49FB-A870-01AF9526C6E5}.Release|Any CPU.Build.0 = Release|Any CPU
		{5A118619-A222-481C-BAD2-90C254B4131E}.Debug|Any CPU.ActiveCfg = Debug|Any CPU
		{5A118619-A222-481C-BAD2-90C254B4131E}.Debug|Any CPU.Build.0 = Debug|Any CPU
		{5A118619-A222-481C-BAD2-90C254B4131E}.Release|Any CPU.ActiveCfg = Release|Any CPU
		{5A118619-A222-481C-BAD2-90C254B4131E}.Release|Any CPU.Build.0 = Release|Any CPU
	EndGlobalSection
	GlobalSection(SolutionProperties) = preSolution
		HideSolutionNode = FALSE
	EndGlobalSection
	GlobalSection(NestedProjects) = preSolution
		{07E93452-70BD-420E-9449-FF98A69BB6B5} = {1AA869BF-B19C-4886-8B84-2AFC335D3477}
		{5720261D-7D19-48D8-A75C-8686B86660E3} = {1A39D701-C238-4905-8673-ADE94C2F6521}
		{DD18E0EF-2823-4B11-876C-89F83711EF5E} = {1A39D701-C238-4905-8673-ADE94C2F6521}
		{803255EB-8DF7-4267-B57F-4537263CA62D} = {1A39D701-C238-4905-8673-ADE94C2F6521}
		{9C5A89F7-392D-401D-A8A2-BD7962BA1924} = {1A39D701-C238-4905-8673-ADE94C2F6521}
		{B693177B-29D0-4841-8826-AD4EA3DFE797} = {C71A0842-7247-441C-887F-A69C3CDCE0F8}
		{A1659F36-6B4B-47C3-A22B-2AD30BD34596} = {C71A0842-7247-441C-887F-A69C3CDCE0F8}
		{1862F3A8-1424-4D14-A2FE-D9E354201228} = {C71A0842-7247-441C-887F-A69C3CDCE0F8}
		{EF594BCD-C99D-4A49-8EC7-86BEB76C0ECC} = {1AA869BF-B19C-4886-8B84-2AFC335D3477}
		{7FFD3A09-EAD0-49FB-A870-01AF9526C6E5} = {1AA869BF-B19C-4886-8B84-2AFC335D3477}
		{5A118619-A222-481C-BAD2-90C254B4131E} = {C71A0842-7247-441C-887F-A69C3CDCE0F8}
	EndGlobalSection
	GlobalSection(ExtensibilityGlobals) = postSolution
		SolutionGuid = {ED17DCC5-84BC-41C7-90FE-E23B66F3EC03}
	EndGlobalSection
EndGlobal
